<?xml version="1.0" encoding="utf-8"?>
<Project ToolsVersion="4.0" xmlns="http://schemas.microsoft.com/developer/msbuild/2003">
  <ItemGroup>
    <Filter Include="Candle">
      <UniqueIdentifier>{2CF941AB-189B-6C81-0156-80D5ED96F3D1}</UniqueIdentifier>
    </Filter>
    <Filter Include="Candle\Events">
      <UniqueIdentifier>{901BF6C6-FCDB-71FD-C516-BB7A3196B6D9}</UniqueIdentifier>
    </Filter>
    <Filter Include="Candle\ImGui">
      <UniqueIdentifier>{569F236B-4202-B30F-EB87-EBC5D7C97E92}</UniqueIdentifier>
    </Filter>
    <Filter Include="Platform">
      <UniqueIdentifier>{2AC788B4-1694-E3BF-3FAD-D1672BD9184E}</UniqueIdentifier>
    </Filter>
    <Filter Include="Platform\OpenGL">
      <UniqueIdentifier>{1E7D2C1D-8A08-9AE1-9319-1DD6FF23F6E1}</UniqueIdentifier>
    </Filter>
    <Filter Include="Platform\Windows">
      <UniqueIdentifier>{64FBD71A-50F4-F66C-7926-DCF1657ED678}</UniqueIdentifier>
    </Filter>
  </ItemGroup>
  <ItemGroup>
    <ClInclude Include="src\Candle.h" />
    <ClInclude Include="src\Candle\Application.h">
      <Filter>Candle</Filter>
    </ClInclude>
    <ClInclude Include="src\Candle\Core.h">
      <Filter>Candle</Filter>
    </ClInclude>
    <ClInclude Include="src\Candle\EntryPoint.h">
      <Filter>Candle</Filter>
    </ClInclude>
    <ClInclude Include="src\Candle\Events\ApplicationEvent.h">
      <Filter>Candle\Events</Filter>
    </ClInclude>
    <ClInclude Include="src\Candle\Events\Event.h">
      <Filter>Candle\Events</Filter>
    </ClInclude>
    <ClInclude Include="src\Candle\Events\KeyEvent.h">
      <Filter>Candle\Events</Filter>
    </ClInclude>
    <ClInclude Include="src\Candle\Events\MouseEvent.h">
      <Filter>Candle\Events</Filter>
    </ClInclude>
    <ClInclude Include="src\Candle\Layer.h">
      <Filter>Candle</Filter>
    </ClInclude>
    <ClInclude Include="src\Candle\LayerStack.h">
      <Filter>Candle</Filter>
    </ClInclude>
    <ClInclude Include="src\Candle\Log.h">
      <Filter>Candle</Filter>
    </ClInclude>
    <ClInclude Include="src\Candle\Window.h">
      <Filter>Candle</Filter>
    </ClInclude>
    <ClInclude Include="src\candlepch.h" />
    <ClInclude Include="src\Candle\ImGui\ImGuiLayer.h">
      <Filter>Candle\ImGui</Filter>
    </ClInclude>
    <ClInclude Include="src\Platform\OpenGL\ImGuiOpenGLRenderer.h">
      <Filter>Platform\OpenGL</Filter>
    </ClInclude>
    <ClInclude Include="src\Platform\Windows\WindowsWindow.h">
      <Filter>Platform\Windows</Filter>
    </ClInclude>
  </ItemGroup>
  <ItemGroup>
    <ClCompile Include="src\Candle\Application.cpp">
      <Filter>Candle</Filter>
    </ClCompile>
    <ClCompile Include="src\Candle\Layer.cpp">
      <Filter>Candle</Filter>
    </ClCompile>
    <ClCompile Include="src\Candle\LayerStack.cpp">
      <Filter>Candle</Filter>
    </ClCompile>
    <ClCompile Include="src\Candle\Log.cpp">
      <Filter>Candle</Filter>
    </ClCompile>
    <ClCompile Include="src\candlepch.cpp" />
    <ClCompile Include="src\Candle\ImGui\ImGuiLayer.cpp">
      <Filter>Candle\ImGui</Filter>
    </ClCompile>
    <ClCompile Include="src\Platform\OpenGL\ImGuiOpenGLRenderer.cpp">
      <Filter>Platform\OpenGL</Filter>
    </ClCompile>
    <ClCompile Include="src\Platform\Windows\WindowsWindow.cpp">
      <Filter>Platform\Windows</Filter>
    </ClCompile>
  </ItemGroup>
</Project>