<?xml version="1.0" encoding="utf-8"?>
<Project ToolsVersion="4.0" xmlns="http://schemas.microsoft.com/developer/msbuild/2003">
  <ItemGroup>
    <Filter Include="Candle">
      <UniqueIdentifier>{2CF941AB-189B-6C81-0156-80D5ED96F3D1}</UniqueIdentifier>
    </Filter>
  </ItemGroup>
  <ItemGroup>
    <ClInclude Include="src\Candle.h" />
    <ClInclude Include="src\Candle\Application.h">
      <Filter>Candle</Filter>
    </ClInclude>
    <ClInclude Include="src\Candle\Core.h">
      <Filter>Candle</Filter>
    </ClInclude>
    <ClInclude Include="src\Candle\EntryPoint.h">
      <Filter>Candle</Filter>
    </ClInclude>
    <ClInclude Include="src\Candle\Log.h">
      <Filter>Candle</Filter>
    </ClInclude>
  </ItemGroup>
  <ItemGroup>
    <ClCompile Include="src\Candle\Application.cpp">
      <Filter>Candle</Filter>
    </ClCompile>
    <ClCompile Include="src\Candle\Log.cpp">
      <Filter>Candle</Filter>
    </ClCompile>
  </ItemGroup>
</Project>